Microsoft Visual Studio Solution File, Format Version 12.00
# Visual Studio Version 17
VisualStudioVersion = 17.5.2.0
MinimumVisualStudioVersion = 10.0.40219.1
Project("{FAE04EC0-301F-11D3-BF4B-00C04F79EFBC}") = "apirest", "apirest\apirest.csproj", "{5AFBA34D-CFAE-6E44-8B78-915224F279F1}"
EndProject
Global
	GlobalSection(SolutionConfigurationPlatforms) = preSolution
		Debug|Any CPU = Debug|Any CPU
		Release|Any CPU = Release|Any CPU
	EndGlobalSection
	GlobalSection(ProjectConfigurationPlatforms) = postSolution
		{5AFBA34D-CFAE-6E44-8B78-915224F279F1}.Debug|Any CPU.ActiveCfg = Debug|Any CPU
		{5AFBA34D-CFAE-6E44-8B78-915224F279F1}.Debug|Any CPU.Build.0 = Debug|Any CPU
		{5AFBA34D-CFAE-6E44-8B78-915224F279F1}.Release|Any CPU.ActiveCfg = Release|Any CPU
		{5AFBA34D-CFAE-6E44-8B78-915224F279F1}.Release|Any CPU.Build.0 = Release|Any CPU
	EndGlobalSection
	GlobalSection(SolutionProperties) = preSolution
		HideSolutionNode = FALSE
	EndGlobalSection
	GlobalSection(ExtensibilityGlobals) = postSolution
		SolutionGuid = {6F534A25-93E4-42CA-AD07-005B03C8271A}
	EndGlobalSection
EndGlobal
